
Microsoft Visual Studio Solution File, Format Version 12.00
# Visual Studio Version 16
VisualStudioVersion = 16.0.31205.134
MinimumVisualStudioVersion = 10.0.40219.1
Project("{9A19103F-16F7-4668-BE54-9A1E7A4F7556}") = "Compression.ConsoleApp", "src\Compression.ConsoleApp\Compression.ConsoleApp.csproj", "{1ABA4B07-ED9A-4834-943F-2C50D8EDED7E}"
EndProject
Project("{2150E333-8FDC-42A3-9474-1A3956D46DE8}") = "src", "src", "{6D4D8834-16DE-41EF-A737-162CBB29A4D0}"
EndProject
Project("{2150E333-8FDC-42A3-9474-1A3956D46DE8}") = "test", "test", "{F0E0DEBC-AD32-40C3-8C21-FAB0D5CAEE13}"
EndProject
Project("{9A19103F-16F7-4668-BE54-9A1E7A4F7556}") = "Compression.CQRS", "src\Compression.CQRS\Compression.CQRS.csproj", "{F5C53FF0-5894-42D0-B786-3BFC73B27C64}"
EndProject
Project("{FAE04EC0-301F-11D3-BF4B-00C04F79EFBC}") = "Compression.Utils", "src\Compression.Utils\Compression.Utils.csproj", "{24D0ACDF-E741-40CA-B309-4109224F20A6}"
EndProject
Project("{FAE04EC0-301F-11D3-BF4B-00C04F79EFBC}") = "Compression.BusinessService", "src\Compression.BusinessService\Compression.BusinessService.csproj", "{55E07656-F772-4783-9655-B33D943D6BC8}"
EndProject
Project("{FAE04EC0-301F-11D3-BF4B-00C04F79EFBC}") = "Compression.CQRS.Tests", "test\Compression.CQRS.Tests\Compression.CQRS.Tests.csproj", "{AC93D0E4-2D45-4D78-BE91-222243BBD2FA}"
EndProject
Project("{FAE04EC0-301F-11D3-BF4B-00C04F79EFBC}") = "Compression.Utils.Tests", "test\Compression.Utils.Tests\Compression.Utils.Tests.csproj", "{DC631CA1-052C-4C94-A325-20B7C3520C74}"
EndProject
Global
	GlobalSection(SolutionConfigurationPlatforms) = preSolution
		Debug|Any CPU = Debug|Any CPU
		Release|Any CPU = Release|Any CPU
	EndGlobalSection
	GlobalSection(ProjectConfigurationPlatforms) = postSolution
		{1ABA4B07-ED9A-4834-943F-2C50D8EDED7E}.Debug|Any CPU.ActiveCfg = Debug|Any CPU
		{1ABA4B07-ED9A-4834-943F-2C50D8EDED7E}.Debug|Any CPU.Build.0 = Debug|Any CPU
		{1ABA4B07-ED9A-4834-943F-2C50D8EDED7E}.Release|Any CPU.ActiveCfg = Release|Any CPU
		{1ABA4B07-ED9A-4834-943F-2C50D8EDED7E}.Release|Any CPU.Build.0 = Release|Any CPU
		{F5C53FF0-5894-42D0-B786-3BFC73B27C64}.Debug|Any CPU.ActiveCfg = Debug|Any CPU
		{F5C53FF0-5894-42D0-B786-3BFC73B27C64}.Debug|Any CPU.Build.0 = Debug|Any CPU
		{F5C53FF0-5894-42D0-B786-3BFC73B27C64}.Release|Any CPU.ActiveCfg = Release|Any CPU
		{F5C53FF0-5894-42D0-B786-3BFC73B27C64}.Release|Any CPU.Build.0 = Release|Any CPU
		{24D0ACDF-E741-40CA-B309-4109224F20A6}.Debug|Any CPU.ActiveCfg = Debug|Any CPU
		{24D0ACDF-E741-40CA-B309-4109224F20A6}.Debug|Any CPU.Build.0 = Debug|Any CPU
		{24D0ACDF-E741-40CA-B309-4109224F20A6}.Release|Any CPU.ActiveCfg = Release|Any CPU
		{24D0ACDF-E741-40CA-B309-4109224F20A6}.Release|Any CPU.Build.0 = Release|Any CPU
		{55E07656-F772-4783-9655-B33D943D6BC8}.Debug|Any CPU.ActiveCfg = Debug|Any CPU
		{55E07656-F772-4783-9655-B33D943D6BC8}.Debug|Any CPU.Build.0 = Debug|Any CPU
		{55E07656-F772-4783-9655-B33D943D6BC8}.Release|Any CPU.ActiveCfg = Release|Any CPU
		{55E07656-F772-4783-9655-B33D943D6BC8}.Release|Any CPU.Build.0 = Release|Any CPU
		{AC93D0E4-2D45-4D78-BE91-222243BBD2FA}.Debug|Any CPU.ActiveCfg = Debug|Any CPU
		{AC93D0E4-2D45-4D78-BE91-222243BBD2FA}.Debug|Any CPU.Build.0 = Debug|Any CPU
		{AC93D0E4-2D45-4D78-BE91-222243BBD2FA}.Release|Any CPU.ActiveCfg = Release|Any CPU
		{AC93D0E4-2D45-4D78-BE91-222243BBD2FA}.Release|Any CPU.Build.0 = Release|Any CPU
		{DC631CA1-052C-4C94-A325-20B7C3520C74}.Debug|Any CPU.ActiveCfg = Debug|Any CPU
		{DC631CA1-052C-4C94-A325-20B7C3520C74}.Debug|Any CPU.Build.0 = Debug|Any CPU
		{DC631CA1-052C-4C94-A325-20B7C3520C74}.Release|Any CPU.ActiveCfg = Release|Any CPU
		{DC631CA1-052C-4C94-A325-20B7C3520C74}.Release|Any CPU.Build.0 = Release|Any CPU
	EndGlobalSection
	GlobalSection(SolutionProperties) = preSolution
		HideSolutionNode = FALSE
	EndGlobalSection
	GlobalSection(NestedProjects) = preSolution
		{1ABA4B07-ED9A-4834-943F-2C50D8EDED7E} = {6D4D8834-16DE-41EF-A737-162CBB29A4D0}
		{F5C53FF0-5894-42D0-B786-3BFC73B27C64} = {6D4D8834-16DE-41EF-A737-162CBB29A4D0}
		{24D0ACDF-E741-40CA-B309-4109224F20A6} = {6D4D8834-16DE-41EF-A737-162CBB29A4D0}
		{55E07656-F772-4783-9655-B33D943D6BC8} = {6D4D8834-16DE-41EF-A737-162CBB29A4D0}
		{AC93D0E4-2D45-4D78-BE91-222243BBD2FA} = {F0E0DEBC-AD32-40C3-8C21-FAB0D5CAEE13}
		{DC631CA1-052C-4C94-A325-20B7C3520C74} = {F0E0DEBC-AD32-40C3-8C21-FAB0D5CAEE13}
	EndGlobalSection
	GlobalSection(ExtensibilityGlobals) = postSolution
		SolutionGuid = {3AAFDEDE-A95E-4AF3-86B2-FF9079C13152}
	EndGlobalSection
EndGlobal
